Microsoft Visual Studio Solution File, Format Version 12.00
# Visual Studio Version 17
VisualStudioVersion = 17.0.31903.59
MinimumVisualStudioVersion = 10.0.40219.1
Project("{FAE04EC0-301F-11D3-BF4B-00C04F79EFBC}") = "Thaum.Core", "Thaum.Core\Thaum.Core.csproj", "{54B7C6B5-4C3A-452C-BC5F-5A93A3AA362A}"
EndProject
Project("{FAE04EC0-301F-11D3-BF4B-00C04F79EFBC}") = "Thaum.TUI", "Thaum.TUI\Thaum.TUI.csproj", "{E2C1B1B8-6E8D-4F40-9D58-8F6B7D48C0BA}"
EndProject
Project("{FAE04EC0-301F-11D3-BF4B-00C04F79EFBC}") = "Thaum.App", "Thaum.App\Thaum.App.csproj", "{00D6FCF1-211E-4F88-BFD3-DF724BAE155B}"
EndProject
Project("{FAE04EC0-301F-11D3-BF4B-00C04F79EFBC}") = "Thaum.Tests", "Thaum.Tests\Thaum.Tests.csproj", "{25880FED-F6B1-467F-A2B2-89FA1FC00EA1}"
EndProject
Project("{FAE04EC0-301F-11D3-BF4B-00C04F79EFBC}") = "Ratatui", "Ratatui.cs\Ratatui\Ratatui.csproj", "{95EEF478-7742-494D-9957-53EA0FA321F8}"
EndProject
Project("{FAE04EC0-301F-11D3-BF4B-00C04F79EFBC}") = "Holoware.cs", "Holoware.cs\Holoware.cs.csproj", "{73726C6A-D1A5-4AB5-B288-A55C7F847BE6}"
EndProject
Project("{FAE04EC0-301F-11D3-BF4B-00C04F79EFBC}") = "Ratatui.Demo", "Ratatui.cs\Ratatui.Demo\Ratatui.Demo.csproj", "{7860A0DE-180B-4C45-A651-2506FC909BF7}"
EndProject
Project("{FAE04EC0-301F-11D3-BF4B-00C04F79EFBC}") = "Ratatui.Generators", "Ratatui.cs\generators\Ratatui.Generators.csproj", "{B493A0AA-AA41-4ABC-AA9E-40356E0E1946}"
EndProject
Project("{FAE04EC0-301F-11D3-BF4B-00C04F79EFBC}") = "Thaum.Prompts", "Thaum.Prompts\Thaum.Prompts.csproj", "{ABDC5DA5-46CF-4CAE-A07D-6B58066F9B3A}"
EndProject
Global
	GlobalSection(SolutionConfigurationPlatforms) = preSolution
		Debug|Any CPU = Debug|Any CPU
		Release|Any CPU = Release|Any CPU
	EndGlobalSection
	GlobalSection(SolutionProperties) = preSolution
		HideSolutionNode = FALSE
	EndGlobalSection
	GlobalSection(ProjectConfigurationPlatforms) = postSolution
		{54B7C6B5-4C3A-452C-BC5F-5A93A3AA362A}.Debug|Any CPU.ActiveCfg = Debug|Any CPU
		{54B7C6B5-4C3A-452C-BC5F-5A93A3AA362A}.Debug|Any CPU.Build.0 = Debug|Any CPU
		{54B7C6B5-4C3A-452C-BC5F-5A93A3AA362A}.Release|Any CPU.ActiveCfg = Release|Any CPU
		{54B7C6B5-4C3A-452C-BC5F-5A93A3AA362A}.Release|Any CPU.Build.0 = Release|Any CPU
		{00D6FCF1-211E-4F88-BFD3-DF724BAE155B}.Debug|Any CPU.ActiveCfg = Debug|Any CPU
		{00D6FCF1-211E-4F88-BFD3-DF724BAE155B}.Debug|Any CPU.Build.0 = Debug|Any CPU
		{00D6FCF1-211E-4F88-BFD3-DF724BAE155B}.Release|Any CPU.ActiveCfg = Release|Any CPU
		{00D6FCF1-211E-4F88-BFD3-DF724BAE155B}.Release|Any CPU.Build.0 = Release|Any CPU
		{25880FED-F6B1-467F-A2B2-89FA1FC00EA1}.Debug|Any CPU.ActiveCfg = Debug|Any CPU
		{25880FED-F6B1-467F-A2B2-89FA1FC00EA1}.Debug|Any CPU.Build.0 = Debug|Any CPU
		{25880FED-F6B1-467F-A2B2-89FA1FC00EA1}.Release|Any CPU.ActiveCfg = Release|Any CPU
		{25880FED-F6B1-467F-A2B2-89FA1FC00EA1}.Release|Any CPU.Build.0 = Release|Any CPU
		{E2C1B1B8-6E8D-4F40-9D58-8F6B7D48C0BA}.Debug|Any CPU.ActiveCfg = Debug|Any CPU
		{E2C1B1B8-6E8D-4F40-9D58-8F6B7D48C0BA}.Debug|Any CPU.Build.0 = Debug|Any CPU
		{E2C1B1B8-6E8D-4F40-9D58-8F6B7D48C0BA}.Release|Any CPU.ActiveCfg = Release|Any CPU
		{E2C1B1B8-6E8D-4F40-9D58-8F6B7D48C0BA}.Release|Any CPU.Build.0 = Release|Any CPU
		{95EEF478-7742-494D-9957-53EA0FA321F8}.Debug|Any CPU.ActiveCfg = Debug|Any CPU
		{95EEF478-7742-494D-9957-53EA0FA321F8}.Debug|Any CPU.Build.0 = Debug|Any CPU
		{95EEF478-7742-494D-9957-53EA0FA321F8}.Release|Any CPU.ActiveCfg = Release|Any CPU
		{95EEF478-7742-494D-9957-53EA0FA321F8}.Release|Any CPU.Build.0 = Release|Any CPU
		{73726C6A-D1A5-4AB5-B288-A55C7F847BE6}.Debug|Any CPU.ActiveCfg = Debug|Any CPU
		{73726C6A-D1A5-4AB5-B288-A55C7F847BE6}.Debug|Any CPU.Build.0 = Debug|Any CPU
		{73726C6A-D1A5-4AB5-B288-A55C7F847BE6}.Release|Any CPU.ActiveCfg = Release|Any CPU
		{73726C6A-D1A5-4AB5-B288-A55C7F847BE6}.Release|Any CPU.Build.0 = Release|Any CPU
		{7860A0DE-180B-4C45-A651-2506FC909BF7}.Debug|Any CPU.ActiveCfg = Debug|Any CPU
		{7860A0DE-180B-4C45-A651-2506FC909BF7}.Debug|Any CPU.Build.0 = Debug|Any CPU
		{7860A0DE-180B-4C45-A651-2506FC909BF7}.Release|Any CPU.ActiveCfg = Release|Any CPU
		{7860A0DE-180B-4C45-A651-2506FC909BF7}.Release|Any CPU.Build.0 = Release|Any CPU
		{B493A0AA-AA41-4ABC-AA9E-40356E0E1946}.Debug|Any CPU.ActiveCfg = Debug|Any CPU
		{B493A0AA-AA41-4ABC-AA9E-40356E0E1946}.Debug|Any CPU.Build.0 = Debug|Any CPU
		{B493A0AA-AA41-4ABC-AA9E-40356E0E1946}.Release|Any CPU.ActiveCfg = Release|Any CPU
		{B493A0AA-AA41-4ABC-AA9E-40356E0E1946}.Release|Any CPU.Build.0 = Release|Any CPU
		{ABDC5DA5-46CF-4CAE-A07D-6B58066F9B3A}.Debug|Any CPU.ActiveCfg = Debug|Any CPU
		{ABDC5DA5-46CF-4CAE-A07D-6B58066F9B3A}.Debug|Any CPU.Build.0 = Debug|Any CPU
		{ABDC5DA5-46CF-4CAE-A07D-6B58066F9B3A}.Release|Any CPU.ActiveCfg = Release|Any CPU
		{ABDC5DA5-46CF-4CAE-A07D-6B58066F9B3A}.Release|Any CPU.Build.0 = Release|Any CPU
	EndGlobalSection
EndGlobal
